
Microsoft Visual Studio Solution File, Format Version 12.00
# Visual Studio Version 17
VisualStudioVersion = 17.4.33110.190
MinimumVisualStudioVersion = 10.0.40219.1
Project("{FAE04EC0-301F-11D3-BF4B-00C04F79EFBC}") = "MapGeneratorTest", "MapGeneratorTest\MapGeneratorTest.csproj", "{3D482A29-97EB-422E-A784-EC4BF0D38533}"
EndProject
Global
	GlobalSection(SolutionConfigurationPlatforms) = preSolution
		Debug|Any CPU = Debug|Any CPU
		Release|Any CPU = Release|Any CPU
	EndGlobalSection
	GlobalSection(ProjectConfigurationPlatforms) = postSolution
		{3D482A29-97EB-422E-A784-EC4BF0D38533}.Debug|Any CPU.ActiveCfg = Debug|Any CPU
		{3D482A29-97EB-422E-A784-EC4BF0D38533}.Debug|Any CPU.Build.0 = Debug|Any CPU
		{3D482A29-97EB-422E-A784-EC4BF0D38533}.Release|Any CPU.ActiveCfg = Release|Any CPU
		{3D482A29-97EB-422E-A784-EC4BF0D38533}.Release|Any CPU.Build.0 = Release|Any CPU
	EndGlobalSection
	GlobalSection(SolutionProperties) = preSolution
		HideSolutionNode = FALSE
	EndGlobalSection
	GlobalSection(ExtensibilityGlobals) = postSolution
		SolutionGuid = {8E6E9DA4-F443-422B-B734-670E43C98E43}
	EndGlobalSection
EndGlobal
